// !$*UTF8*$!
{
	archiveVersion = 1;
	classes = {
	};
	objectVersion = 50;
	objects = {

/* Begin PBXBuildFile section */
		645471BB23A8FCE600F280B2 /* AppDelegate.swift in Sources */ = {isa = PBXBuildFile; fileRef = 645471BA23A8FCE600F280B2 /* AppDelegate.swift */; };
		645471BD23A8FCE600F280B2 /* SceneDelegate.swift in Sources */ = {isa = PBXBuildFile; fileRef = 645471BC23A8FCE600F280B2 /* SceneDelegate.swift */; };
		645471BF23A8FCE600F280B2 /* ViewController.swift in Sources */ = {isa = PBXBuildFile; fileRef = 645471BE23A8FCE600F280B2 /* ViewController.swift */; };
		645471C223A8FCE600F280B2 /* Main.storyboard in Resources */ = {isa = PBXBuildFile; fileRef = 645471C023A8FCE600F280B2 /* Main.storyboard */; };
		645471C423A8FCE700F280B2 /* Assets.xcassets in Resources */ = {isa = PBXBuildFile; fileRef = 645471C323A8FCE700F280B2 /* Assets.xcassets */; };
		645471C723A8FCE700F280B2 /* LaunchScreen.storyboard in Resources */ = {isa = PBXBuildFile; fileRef = 645471C523A8FCE700F280B2 /* LaunchScreen.storyboard */; };
		645471D223A8FCE700F280B2 /* CBRE_PulseTests.swift in Sources */ = {isa = PBXBuildFile; fileRef = 645471D123A8FCE700F280B2 /* CBRE_PulseTests.swift */; };
		645471DD23A8FCE700F280B2 /* CBRE_PulseUITests.swift in Sources */ = {isa = PBXBuildFile; fileRef = 645471DC23A8FCE700F280B2 /* CBRE_PulseUITests.swift */; };
/* End PBXBuildFile section */

/* Begin PBXContainerItemProxy section */
		645471CE23A8FCE700F280B2 /* PBXContainerItemProxy */ = {
			isa = PBXContainerItemProxy;
			containerPortal = 645471AF23A8FCE600F280B2 /* Project object */;
			proxyType = 1;
			remoteGlobalIDString = 645471B623A8FCE600F280B2;
			remoteInfo = "CBRE Pulse";
		};
		645471D923A8FCE700F280B2 /* PBXContainerItemProxy */ = {
			isa = PBXContainerItemProxy;
			containerPortal = 645471AF23A8FCE600F280B2 /* Project object */;
			proxyType = 1;
			remoteGlobalIDString = 645471B623A8FCE600F280B2;
			remoteInfo = "CBRE Pulse";
		};
/* End PBXContainerItemProxy section */

/* Begin PBXFileReference section */
		645471B723A8FCE600F280B2 /* CBRE Pulse.app */ = {isa = PBXFileReference; explicitFileType = wrapper.application; includeInIndex = 0; path = "CBRE Pulse.app"; sourceTree = BUILT_PRODUCTS_DIR; };
		645471BA23A8FCE600F280B2 /* AppDelegate.swift */ = {isa = PBXFileReference; lastKnownFileType = sourcecode.swift; path = AppDelegate.swift; sourceTree = "<group>"; };
		645471BC23A8FCE600F280B2 /* SceneDelegate.swift */ = {isa = PBXFileReference; lastKnownFileType = sourcecode.swift; path = SceneDelegate.swift; sourceTree = "<group>"; };
		645471BE23A8FCE600F280B2 /* ViewController.swift */ = {isa = PBXFileReference; lastKnownFileType = sourcecode.swift; path = ViewController.swift; sourceTree = "<group>"; };
		645471C123A8FCE600F280B2 /* Base */ = {isa = PBXFileReference; lastKnownFileType = file.storyboard; name = Base; path = Base.lproj/Main.storyboard; sourceTree = "<group>"; };
		645471C323A8FCE700F280B2 /* Assets.xcassets */ = {isa = PBXFileReference; lastKnownFileType = folder.assetcatalog; path = Assets.xcassets; sourceTree = "<group>"; };
		645471C623A8FCE700F280B2 /* Base */ = {isa = PBXFileReference; lastKnownFileType = file.storyboard; name = Base; path = Base.lproj/LaunchScreen.storyboard; sourceTree = "<group>"; };
		645471C823A8FCE700F280B2 /* Info.plist */ = {isa = PBXFileReference; lastKnownFileType = text.plist.xml; path = Info.plist; sourceTree = "<group>"; };
		645471CD23A8FCE700F280B2 /* CBRE PulseTests.xctest */ = {isa = PBXFileReference; explicitFileType = wrapper.cfbundle; includeInIndex = 0; path = "CBRE PulseTests.xctest"; sourceTree = BUILT_PRODUCTS_DIR; };
		645471D123A8FCE700F280B2 /* CBRE_PulseTests.swift */ = {isa = PBXFileReference; lastKnownFileType = sourcecode.swift; path = CBRE_PulseTests.swift; sourceTree = "<group>"; };
		645471D323A8FCE700F280B2 /* Info.plist */ = {isa = PBXFileReference; lastKnownFileType = text.plist.xml; path = Info.plist; sourceTree = "<group>"; };
		645471D823A8FCE700F280B2 /* CBRE PulseUITests.xctest */ = {isa = PBXFileReference; explicitFileType = wrapper.cfbundle; includeInIndex = 0; path = "CBRE PulseUITests.xctest"; sourceTree = BUILT_PRODUCTS_DIR; };
		645471DC23A8FCE700F280B2 /* CBRE_PulseUITests.swift */ = {isa = PBXFileReference; lastKnownFileType = sourcecode.swift; path = CBRE_PulseUITests.swift; sourceTree = "<group>"; };
		645471DE23A8FCE700F280B2 /* Info.plist */ = {isa = PBXFileReference; lastKnownFileType = text.plist.xml; path = Info.plist; sourceTree = "<group>"; };
/* End PBXFileReference section */

/* Begin PBXFrameworksBuildPhase section */
		645471B423A8FCE600F280B2 /* Frameworks */ = {
			isa = PBXFrameworksBuildPhase;
			buildActionMask = 2147483647;
			files = (
			);
			runOnlyForDeploymentPostprocessing = 0;
		};
		645471CA23A8FCE700F280B2 /* Frameworks */ = {
			isa = PBXFrameworksBuildPhase;
			buildActionMask = 2147483647;
			files = (
			);
			runOnlyForDeploymentPostprocessing = 0;
		};
		645471D523A8FCE700F280B2 /* Frameworks */ = {
			isa = PBXFrameworksBuildPhase;
			buildActionMask = 2147483647;
			files = (
			);
			runOnlyForDeploymentPostprocessing = 0;
		};
/* End PBXFrameworksBuildPhase section */

/* Begin PBXGroup section */
		645471AE23A8FCE600F280B2 = {
			isa = PBXGroup;
			children = (
				645471B923A8FCE600F280B2 /* CBRE Pulse */,
				645471D023A8FCE700F280B2 /* CBRE PulseTests */,
				645471DB23A8FCE700F280B2 /* CBRE PulseUITests */,
				645471B823A8FCE600F280B2 /* Products */,
			);
			sourceTree = "<group>";
		};
		645471B823A8FCE600F280B2 /* Products */ = {
			isa = PBXGroup;
			children = (
				645471B723A8FCE600F280B2 /* CBRE Pulse.app */,
				645471CD23A8FCE700F280B2 /* CBRE PulseTests.xctest */,
				645471D823A8FCE700F280B2 /* CBRE PulseUITests.xctest */,
			);
			name = Products;
			sourceTree = "<group>";
		};
		645471B923A8FCE600F280B2 /* CBRE Pulse */ = {
			isa = PBXGroup;
			children = (
				645471BA23A8FCE600F280B2 /* AppDelegate.swift */,
				645471BC23A8FCE600F280B2 /* SceneDelegate.swift */,
				645471BE23A8FCE600F280B2 /* ViewController.swift */,
				645471C023A8FCE600F280B2 /* Main.storyboard */,
				645471C323A8FCE700F280B2 /* Assets.xcassets */,
				645471C523A8FCE700F280B2 /* LaunchScreen.storyboard */,
				645471C823A8FCE700F280B2 /* Info.plist */,
			);
			path = "CBRE Pulse";
			sourceTree = "<group>";
		};
		645471D023A8FCE700F280B2 /* CBRE PulseTests */ = {
			isa = PBXGroup;
			children = (
				645471D123A8FCE700F280B2 /* CBRE_PulseTests.swift */,
				645471D323A8FCE700F280B2 /* Info.plist */,
			);
			path = "CBRE PulseTests";
			sourceTree = "<group>";
		};
		645471DB23A8FCE700F280B2 /* CBRE PulseUITests */ = {
			isa = PBXGroup;
			children = (
				645471DC23A8FCE700F280B2 /* CBRE_PulseUITests.swift */,
				645471DE23A8FCE700F280B2 /* Info.plist */,
			);
			path = "CBRE PulseUITests";
			sourceTree = "<group>";
		};
/* End PBXGroup section */

/* Begin PBXNativeTarget section */
		645471B623A8FCE600F280B2 /* CBRE Pulse */ = {
			isa = PBXNativeTarget;
			buildConfigurationList = 645471E123A8FCE700F280B2 /* Build configuration list for PBXNativeTarget "CBRE Pulse" */;
			buildPhases = (
				645471B323A8FCE600F280B2 /* Sources */,
				645471B423A8FCE600F280B2 /* Frameworks */,
				645471B523A8FCE600F280B2 /* Resources */,
			);
			buildRules = (
			);
			dependencies = (
			);
			name = "CBRE Pulse";
			productName = "CBRE Pulse";
			productReference = 645471B723A8FCE600F280B2 /* CBRE Pulse.app */;
			productType = "com.apple.product-type.application";
		};
		645471CC23A8FCE700F280B2 /* CBRE PulseTests */ = {
			isa = PBXNativeTarget;
			buildConfigurationList = 645471E423A8FCE700F280B2 /* Build configuration list for PBXNativeTarget "CBRE PulseTests" */;
			buildPhases = (
				645471C923A8FCE700F280B2 /* Sources */,
				645471CA23A8FCE700F280B2 /* Frameworks */,
				645471CB23A8FCE700F280B2 /* Resources */,
			);
			buildRules = (
			);
			dependencies = (
				645471CF23A8FCE700F280B2 /* PBXTargetDependency */,
			);
			name = "CBRE PulseTests";
			productName = "CBRE PulseTests";
			productReference = 645471CD23A8FCE700F280B2 /* CBRE PulseTests.xctest */;
			productType = "com.apple.product-type.bundle.unit-test";
		};
		645471D723A8FCE700F280B2 /* CBRE PulseUITests */ = {
			isa = PBXNativeTarget;
			buildConfigurationList = 645471E723A8FCE700F280B2 /* Build configuration list for PBXNativeTarget "CBRE PulseUITests" */;
			buildPhases = (
				645471D423A8FCE700F280B2 /* Sources */,
				645471D523A8FCE700F280B2 /* Frameworks */,
				645471D623A8FCE700F280B2 /* Resources */,
			);
			buildRules = (
			);
			dependencies = (
				645471DA23A8FCE700F280B2 /* PBXTargetDependency */,
			);
			name = "CBRE PulseUITests";
			productName = "CBRE PulseUITests";
			productReference = 645471D823A8FCE700F280B2 /* CBRE PulseUITests.xctest */;
			productType = "com.apple.product-type.bundle.ui-testing";
		};
/* End PBXNativeTarget section */

/* Begin PBXProject section */
		645471AF23A8FCE600F280B2 /* Project object */ = {
			isa = PBXProject;
			attributes = {
				LastSwiftUpdateCheck = 1110;
				LastUpgradeCheck = 1110;
				ORGANIZATIONNAME = CBRE;
				TargetAttributes = {
					645471B623A8FCE600F280B2 = {
						CreatedOnToolsVersion = 11.1;
					};
					645471CC23A8FCE700F280B2 = {
						CreatedOnToolsVersion = 11.1;
						TestTargetID = 645471B623A8FCE600F280B2;
					};
					645471D723A8FCE700F280B2 = {
						CreatedOnToolsVersion = 11.1;
						TestTargetID = 645471B623A8FCE600F280B2;
					};
				};
			};
			buildConfigurationList = 645471B223A8FCE600F280B2 /* Build configuration list for PBXProject "CBRE Pulse" */;
			compatibilityVersion = "Xcode 9.3";
			developmentRegion = en;
			hasScannedForEncodings = 0;
			knownRegions = (
				en,
				Base,
			);
			mainGroup = 645471AE23A8FCE600F280B2;
			productRefGroup = 645471B823A8FCE600F280B2 /* Products */;
			projectDirPath = "";
			projectRoot = "";
			targets = (
				645471B623A8FCE600F280B2 /* CBRE Pulse */,
				645471CC23A8FCE700F280B2 /* CBRE PulseTests */,
				645471D723A8FCE700F280B2 /* CBRE PulseUITests */,
			);
		};
/* End PBXProject section */

/* Begin PBXResourcesBuildPhase section */
		645471B523A8FCE600F280B2 /* Resources */ = {
			isa = PBXResourcesBuildPhase;
			buildActionMask = 2147483647;
			files = (
				645471C723A8FCE700F280B2 /* LaunchScreen.storyboard in Resources */,
				645471C423A8FCE700F280B2 /* Assets.xcassets in Resources */,
				645471C223A8FCE600F280B2 /* Main.storyboard in Resources */,
			);
			runOnlyForDeploymentPostprocessing = 0;
		};
		645471CB23A8FCE700F280B2 /* Resources */ = {
			isa = PBXResourcesBuildPhase;
			buildActionMask = 2147483647;
			files = (
			);
			runOnlyForDeploymentPostprocessing = 0;
		};
		645471D623A8FCE700F280B2 /* Resources */ = {
			isa = PBXResourcesBuildPhase;
			buildActionMask = 2147483647;
			files = (
			);
			runOnlyForDeploymentPostprocessing = 0;
		};
/* End PBXResourcesBuildPhase section */

/* Begin PBXSourcesBuildPhase section */
		645471B323A8FCE600F280B2 /* Sources */ = {
			isa = PBXSourcesBuildPhase;
			buildActionMask = 2147483647;
			files = (
				645471BF23A8FCE600F280B2 /* ViewController.swift in Sources */,
				645471BB23A8FCE600F280B2 /* AppDelegate.swift in Sources */,
				645471BD23A8FCE600F280B2 /* SceneDelegate.swift in Sources */,
			);
			runOnlyForDeploymentPostprocessing = 0;
		};
		645471C923A8FCE700F280B2 /* Sources */ = {
			isa = PBXSourcesBuildPhase;
			buildActionMask = 2147483647;
			files = (
				645471D223A8FCE700F280B2 /* CBRE_PulseTests.swift in Sources */,
			);
			runOnlyForDeploymentPostprocessing = 0;
		};
		645471D423A8FCE700F280B2 /* Sources */ = {
			isa = PBXSourcesBuildPhase;
			buildActionMask = 2147483647;
			files = (
				645471DD23A8FCE700F280B2 /* CBRE_PulseUITests.swift in Sources */,
			);
			runOnlyForDeploymentPostprocessing = 0;
		};
/* End PBXSourcesBuildPhase section */

/* Begin PBXTargetDependency section */
		645471CF23A8FCE700F280B2 /* PBXTargetDependency */ = {
			isa = PBXTargetDependency;
			target = 645471B623A8FCE600F280B2 /* CBRE Pulse */;
			targetProxy = 645471CE23A8FCE700F280B2 /* PBXContainerItemProxy */;
		};
		645471DA23A8FCE700F280B2 /* PBXTargetDependency */ = {
			isa = PBXTargetDependency;
			target = 645471B623A8FCE600F280B2 /* CBRE Pulse */;
			targetProxy = 645471D923A8FCE700F280B2 /* PBXContainerItemProxy */;
		};
/* End PBXTargetDependency section */

/* Begin PBXVariantGroup section */
		645471C023A8FCE600F280B2 /* Main.storyboard */ = {
			isa = PBXVariantGroup;
			children = (
				645471C123A8FCE600F280B2 /* Base */,
			);
			name = Main.storyboard;
			sourceTree = "<group>";
		};
		645471C523A8FCE700F280B2 /* LaunchScreen.storyboard */ = {
			isa = PBXVariantGroup;
			children = (
				645471C623A8FCE700F280B2 /* Base */,
			);
			name = LaunchScreen.storyboard;
			sourceTree = "<group>";
		};
/* End PBXVariantGroup section */

/* Begin XCBuildConfiguration section */
		645471DF23A8FCE700F280B2 /* Debug */ = {
			isa = XCBuildConfiguration;
			buildSettings = {
				ALWAYS_SEARCH_USER_PATHS = NO;
				CLANG_ANALYZER_NONNULL = YES;
				CLANG_ANALYZER_NUMBER_OBJECT_CONVERSION = YES_AGGRESSIVE;
				CLANG_CXX_LANGUAGE_STANDARD = "gnu++14";
				CLANG_CXX_LIBRARY = "libc++";
				CLANG_ENABLE_MODULES = YES;
				CLANG_ENABLE_OBJC_ARC = YES;
				CLANG_ENABLE_OBJC_WEAK = YES;
				CLANG_WARN_BLOCK_CAPTURE_AUTORELEASING = YES;
				CLANG_WARN_BOOL_CONVERSION = YES;
				CLANG_WARN_COMMA = YES;
				CLANG_WARN_CONSTANT_CONVERSION = YES;
				CLANG_WARN_DEPRECATED_OBJC_IMPLEMENTATIONS = YES;
				CLANG_WARN_DIRECT_OBJC_ISA_USAGE = YES_ERROR;
				CLANG_WARN_DOCUMENTATION_COMMENTS = YES;
				CLANG_WARN_EMPTY_BODY = YES;
				CLANG_WARN_ENUM_CONVERSION = YES;
				CLANG_WARN_INFINITE_RECURSION = YES;
				CLANG_WARN_INT_CONVERSION = YES;
				CLANG_WARN_NON_LITERAL_NULL_CONVERSION = YES;
				CLANG_WARN_OBJC_IMPLICIT_RETAIN_SELF = YES;
				CLANG_WARN_OBJC_LITERAL_CONVERSION = YES;
				CLANG_WARN_OBJC_ROOT_CLASS = YES_ERROR;
				CLANG_WARN_RANGE_LOOP_ANALYSIS = YES;
				CLANG_WARN_STRICT_PROTOTYPES = YES;
				CLANG_WARN_SUSPICIOUS_MOVE = YES;
				CLANG_WARN_UNGUARDED_AVAILABILITY = YES_AGGRESSIVE;
				CLANG_WARN_UNREACHABLE_CODE = YES;
				CLANG_WARN__DUPLICATE_METHOD_MATCH = YES;
				COPY_PHASE_STRIP = NO;
				DEBUG_INFORMATION_FORMAT = dwarf;
				ENABLE_STRICT_OBJC_MSGSEND = YES;
				ENABLE_TESTABILITY = YES;
				GCC_C_LANGUAGE_STANDARD = gnu11;
				GCC_DYNAMIC_NO_PIC = NO;
				GCC_NO_COMMON_BLOCKS = YES;
				GCC_OPTIMIZATION_LEVEL = 0;
				GCC_PREPROCESSOR_DEFINITIONS = (
					"DEBUG=1",
					"$(inherited)",
				);
				GCC_WARN_64_TO_32_BIT_CONVERSION = YES;
				GCC_WARN_ABOUT_RETURN_TYPE = YES_ERROR;
				GCC_WARN_UNDECLARED_SELECTOR = YES;
				GCC_WARN_UNINITIALIZED_AUTOS = YES_AGGRESSIVE;
				GCC_WARN_UNUSED_FUNCTION = YES;
				GCC_WARN_UNUSED_VARIABLE = YES;
				IPHONEOS_DEPLOYMENT_TARGET = 13.1;
				MTL_ENABLE_DEBUG_INFO = INCLUDE_SOURCE;
				MTL_FAST_MATH = YES;
				ONLY_ACTIVE_ARCH = YES;
				SDKROOT = iphoneos;
				SWIFT_ACTIVE_COMPILATION_CONDITIONS = DEBUG;
				SWIFT_OPTIMIZATION_LEVEL = "-Onone";
			};
			name = Debug;
		};
		645471E023A8FCE700F280B2 /* Release */ = {
			isa = XCBuildConfiguration;
			buildSettings = {
				ALWAYS_SEARCH_USER_PATHS = NO;
				CLANG_ANALYZER_NONNULL = YES;
				CLANG_ANALYZER_NUMBER_OBJECT_CONVERSION = YES_AGGRESSIVE;
				CLANG_CXX_LANGUAGE_STANDARD = "gnu++14";
				CLANG_CXX_LIBRARY = "libc++";
				CLANG_ENABLE_MODULES = YES;
				CLANG_ENABLE_OBJC_ARC = YES;
				CLANG_ENABLE_OBJC_WEAK = YES;
				CLANG_WARN_BLOCK_CAPTURE_AUTORELEASING = YES;
				CLANG_WARN_BOOL_CONVERSION = YES;
				CLANG_WARN_COMMA = YES;
				CLANG_WARN_CONSTANT_CONVERSION = YES;
				CLANG_WARN_DEPRECATED_OBJC_IMPLEMENTATIONS = YES;
				CLANG_WARN_DIRECT_OBJC_ISA_USAGE = YES_ERROR;
				CLANG_WARN_DOCUMENTATION_COMMENTS = YES;
				CLANG_WARN_EMPTY_BODY = YES;
				CLANG_WARN_ENUM_CONVERSION = YES;
				CLANG_WARN_INFINITE_RECURSION = YES;
				CLANG_WARN_INT_CONVERSION = YES;
				CLANG_WARN_NON_LITERAL_NULL_CONVERSION = YES;
				CLANG_WARN_OBJC_IMPLICIT_RETAIN_SELF = YES;
				CLANG_WARN_OBJC_LITERAL_CONVERSION = YES;
				CLANG_WARN_OBJC_ROOT_CLASS = YES_ERROR;
				CLANG_WARN_RANGE_LOOP_ANALYSIS = YES;
				CLANG_WARN_STRICT_PROTOTYPES = YES;
				CLANG_WARN_SUSPICIOUS_MOVE = YES;
				CLANG_WARN_UNGUARDED_AVAILABILITY = YES_AGGRESSIVE;
				CLANG_WARN_UNREACHABLE_CODE = YES;
				CLANG_WARN__DUPLICATE_METHOD_MATCH = YES;
				COPY_PHASE_STRIP = NO;
				DEBUG_INFORMATION_FORMAT = "dwarf-with-dsym";
				ENABLE_NS_ASSERTIONS = NO;
				ENABLE_STRICT_OBJC_MSGSEND = YES;
				GCC_C_LANGUAGE_STANDARD = gnu11;
				GCC_NO_COMMON_BLOCKS = YES;
				GCC_WARN_64_TO_32_BIT_CONVERSION = YES;
				GCC_WARN_ABOUT_RETURN_TYPE = YES_ERROR;
				GCC_WARN_UNDECLARED_SELECTOR = YES;
				GCC_WARN_UNINITIALIZED_AUTOS = YES_AGGRESSIVE;
				GCC_WARN_UNUSED_FUNCTION = YES;
				GCC_WARN_UNUSED_VARIABLE = YES;
				IPHONEOS_DEPLOYMENT_TARGET = 13.1;
				MTL_ENABLE_DEBUG_INFO = NO;
				MTL_FAST_MATH = YES;
				SDKROOT = iphoneos;
				SWIFT_COMPILATION_MODE = wholemodule;
				SWIFT_OPTIMIZATION_LEVEL = "-O";
				VALIDATE_PRODUCT = YES;
			};
			name = Release;
		};
		645471E223A8FCE700F280B2 /* Debug */ = {
			isa = XCBuildConfiguration;
			buildSettings = {
				ASSETCATALOG_COMPILER_APPICON_NAME = AppIcon;
				CODE_SIGN_IDENTITY = "iPhone Developer: Apac Developer (ZJCJA2VQDY)";
				CODE_SIGN_STYLE = Manual;
				DEVELOPMENT_TEAM = L595A9TKDM;
				INFOPLIST_FILE = "CBRE Pulse/Info.plist";
				LD_RUNPATH_SEARCH_PATHS = (
					"$(inherited)",
					"@executable_path/Frameworks",
				);
				PRODUCT_BUNDLE_IDENTIFIER = com.cbre.pulse.development;
				PRODUCT_NAME = "$(TARGET_NAME)";
				PROVISIONING_PROFILE_SPECIFIER = "Pulse By CBRE Development 5";
				SWIFT_VERSION = 5.0;
				TARGETED_DEVICE_FAMILY = "1,2";
			};
			name = Debug;
		};
		645471E323A8FCE700F280B2 /* Release */ = {
			isa = XCBuildConfiguration;
			buildSettings = {
				ASSETCATALOG_COMPILER_APPICON_NAME = AppIcon;
				CODE_SIGN_IDENTITY = "iPhone Developer: Apac Developer (ZJCJA2VQDY)";
				CODE_SIGN_STYLE = Manual;
				DEVELOPMENT_TEAM = L595A9TKDM;
				INFOPLIST_FILE = "CBRE Pulse/Info.plist";
				LD_RUNPATH_SEARCH_PATHS = (
					"$(inherited)",
					"@executable_path/Frameworks",
				);
				PRODUCT_BUNDLE_IDENTIFIER = com.cbre.pulse.development;
				PRODUCT_NAME = "$(TARGET_NAME)";
				PROVISIONING_PROFILE_SPECIFIER = "Pulse By CBRE Development 5";
				SWIFT_VERSION = 5.0;
				TARGETED_DEVICE_FAMILY = "1,2";
			};
			name = Release;
		};
		645471E523A8FCE700F280B2 /* Debug */ = {
			isa = XCBuildConfiguration;
			buildSettings = {
				ALWAYS_EMBED_SWIFT_STANDARD_LIBRARIES = YES;
				BUNDLE_LOADER = "$(TEST_HOST)";
				CODE_SIGN_STYLE = Manual;
				DEVELOPMENT_TEAM = "";
				INFOPLIST_FILE = "CBRE PulseTests/Info.plist";
				IPHONEOS_DEPLOYMENT_TARGET = 13.1;
				LD_RUNPATH_SEARCH_PATHS = (
					"$(inherited)",
					"@executable_path/Frameworks",
					"@loader_path/Frameworks",
				);
				PRODUCT_BUNDLE_IDENTIFIER = "com.cbre.pulse.development.CBRE-PulseTests";
				PRODUCT_NAME = "$(TARGET_NAME)";
				PROVISIONING_PROFILE_SPECIFIER = "";
				"PROVISIONING_PROFILE_SPECIFIER[sdk=macosx*]" = "";
				SWIFT_VERSION = 5.0;
				TARGETED_DEVICE_FAMILY = "1,2";
				TEST_HOST = "$(BUILT_PRODUCTS_DIR)/CBRE Pulse.app/CBRE Pulse";
			};
			name = Debug;
		};
		645471E623A8FCE700F280B2 /* Release */ = {
			isa = XCBuildConfiguration;
			buildSettings = {
				ALWAYS_EMBED_SWIFT_STANDARD_LIBRARIES = YES;
				BUNDLE_LOADER = "$(TEST_HOST)";
				CODE_SIGN_STYLE = Manual;
				DEVELOPMENT_TEAM = "";
				INFOPLIST_FILE = "CBRE PulseTests/Info.plist";
				IPHONEOS_DEPLOYMENT_TARGET = 13.1;
				LD_RUNPATH_SEARCH_PATHS = (
					"$(inherited)",
					"@executable_path/Frameworks",
					"@loader_path/Frameworks",
				);
				PRODUCT_BUNDLE_IDENTIFIER = "com.cbre.pulse.development.CBRE-PulseTests";
				PRODUCT_NAME = "$(TARGET_NAME)";
				PROVISIONING_PROFILE_SPECIFIER = "";
				"PROVISIONING_PROFILE_SPECIFIER[sdk=macosx*]" = "";
				SWIFT_VERSION = 5.0;
				TARGETED_DEVICE_FAMILY = "1,2";
				TEST_HOST = "$(BUILT_PRODUCTS_DIR)/CBRE Pulse.app/CBRE Pulse";
			};
			name = Release;
		};
		645471E823A8FCE700F280B2 /* Debug */ = {
			isa = XCBuildConfiguration;
			buildSettings = {
				ALWAYS_EMBED_SWIFT_STANDARD_LIBRARIES = YES;
				CODE_SIGN_STYLE = Manual;
				DEVELOPMENT_TEAM = "";
				INFOPLIST_FILE = "CBRE PulseUITests/Info.plist";
				LD_RUNPATH_SEARCH_PATHS = (
					"$(inherited)",
					"@executable_path/Frameworks",
					"@loader_path/Frameworks",
				);
				PRODUCT_BUNDLE_IDENTIFIER = "com.cbre.pulse.development.CBRE-PulseUITests";
				PRODUCT_NAME = "$(TARGET_NAME)";
				PROVISIONING_PROFILE_SPECIFIER = "";
				"PROVISIONING_PROFILE_SPECIFIER[sdk=macosx*]" = "";
				SWIFT_VERSION = 5.0;
				TARGETED_DEVICE_FAMILY = "1,2";
				TEST_TARGET_NAME = "CBRE Pulse";
			};
			name = Debug;
		};
		645471E923A8FCE700F280B2 /* Release */ = {
			isa = XCBuildConfiguration;
			buildSettings = {
				ALWAYS_EMBED_SWIFT_STANDARD_LIBRARIES = YES;
				CODE_SIGN_STYLE = Manual;
				DEVELOPMENT_TEAM = "";
				INFOPLIST_FILE = "CBRE PulseUITests/Info.plist";
				LD_RUNPATH_SEARCH_PATHS = (
					"$(inherited)",
					"@executable_path/Frameworks",
					"@loader_path/Frameworks",
				);
				PRODUCT_BUNDLE_IDENTIFIER = "com.cbre.pulse.development.CBRE-PulseUITests";
				PRODUCT_NAME = "$(TARGET_NAME)";
				PROVISIONING_PROFILE_SPECIFIER = "";
				"PROVISIONING_PROFILE_SPECIFIER[sdk=macosx*]" = "";
				SWIFT_VERSION = 5.0;
				TARGETED_DEVICE_FAMILY = "1,2";
				TEST_TARGET_NAME = "CBRE Pulse";
			};
			name = Release;
		};
/* End XCBuildConfiguration section */

/* Begin XCConfigurationList section */
		645471B223A8FCE600F280B2 /* Build configuration list for PBXProject "CBRE Pulse" */ = {
			isa = XCConfigurationList;
			buildConfigurations = (
				645471DF23A8FCE700F280B2 /* Debug */,
				645471E023A8FCE700F280B2 /* Release */,
			);
			defaultConfigurationIsVisible = 0;
			defaultConfigurationName = Release;
		};
		645471E123A8FCE700F280B2 /* Build configuration list for PBXNativeTarget "CBRE Pulse" */ = {
			isa = XCConfigurationList;
			buildConfigurations = (
				645471E223A8FCE700F280B2 /* Debug */,
				645471E323A8FCE700F280B2 /* Release */,
			);
			defaultConfigurationIsVisible = 0;
			defaultConfigurationName = Release;
		};
		645471E423A8FCE700F280B2 /* Build configuration list for PBXNativeTarget "CBRE PulseTests" */ = {
			isa = XCConfigurationList;
			buildConfigurations = (
				645471E523A8FCE700F280B2 /* Debug */,
				645471E623A8FCE700F280B2 /* Release */,
			);
			defaultConfigurationIsVisible = 0;
			defaultConfigurationName = Release;
		};
		645471E723A8FCE700F280B2 /* Build configuration list for PBXNativeTarget "CBRE PulseUITests" */ = {
			isa = XCConfigurationList;
			buildConfigurations = (
				645471E823A8FCE700F280B2 /* Debug */,
				645471E923A8FCE700F280B2 /* Release */,
			);
			defaultConfigurationIsVisible = 0;
			defaultConfigurationName = Release;
		};
/* End XCConfigurationList section */
	};
	rootObject = 645471AF23A8FCE600F280B2 /* Project object */;
}
