// !$*UTF8*$!
{
	archiveVersion = 1;
	classes = {
	};
	objectVersion = 50;
	objects = {

/* Begin PBXBuildFile section */
		64827A6623A261280023C95F /* AppDelegate.swift in Sources */ = {isa = PBXBuildFile; fileRef = 64827A6523A261280023C95F /* AppDelegate.swift */; };
		64827A6823A261280023C95F /* SceneDelegate.swift in Sources */ = {isa = PBXBuildFile; fileRef = 64827A6723A261280023C95F /* SceneDelegate.swift */; };
		64827A6A23A261280023C95F /* ViewController.swift in Sources */ = {isa = PBXBuildFile; fileRef = 64827A6923A261280023C95F /* ViewController.swift */; };
		64827A6D23A261280023C95F /* Main.storyboard in Resources */ = {isa = PBXBuildFile; fileRef = 64827A6B23A261280023C95F /* Main.storyboard */; };
		64827A6F23A261290023C95F /* Assets.xcassets in Resources */ = {isa = PBXBuildFile; fileRef = 64827A6E23A261290023C95F /* Assets.xcassets */; };
		64827A7223A261290023C95F /* LaunchScreen.storyboard in Resources */ = {isa = PBXBuildFile; fileRef = 64827A7023A261290023C95F /* LaunchScreen.storyboard */; };
		64827A7D23A261290023C95F /* UiTestTests.swift in Sources */ = {isa = PBXBuildFile; fileRef = 64827A7C23A261290023C95F /* UiTestTests.swift */; };
		64827A8823A261290023C95F /* UiTestUITests.swift in Sources */ = {isa = PBXBuildFile; fileRef = 64827A8723A261290023C95F /* UiTestUITests.swift */; };
/* End PBXBuildFile section */

/* Begin PBXContainerItemProxy section */
		64827A7923A261290023C95F /* PBXContainerItemProxy */ = {
			isa = PBXContainerItemProxy;
			containerPortal = 64827A5A23A261280023C95F /* Project object */;
			proxyType = 1;
			remoteGlobalIDString = 64827A6123A261280023C95F;
			remoteInfo = UiTest;
		};
		64827A8423A261290023C95F /* PBXContainerItemProxy */ = {
			isa = PBXContainerItemProxy;
			containerPortal = 64827A5A23A261280023C95F /* Project object */;
			proxyType = 1;
			remoteGlobalIDString = 64827A6123A261280023C95F;
			remoteInfo = UiTest;
		};
/* End PBXContainerItemProxy section */

/* Begin PBXFileReference section */
		64827A6223A261280023C95F /* UiTest.app */ = {isa = PBXFileReference; explicitFileType = wrapper.application; includeInIndex = 0; path = UiTest.app; sourceTree = BUILT_PRODUCTS_DIR; };
		64827A6523A261280023C95F /* AppDelegate.swift */ = {isa = PBXFileReference; lastKnownFileType = sourcecode.swift; path = AppDelegate.swift; sourceTree = "<group>"; };
		64827A6723A261280023C95F /* SceneDelegate.swift */ = {isa = PBXFileReference; lastKnownFileType = sourcecode.swift; path = SceneDelegate.swift; sourceTree = "<group>"; };
		64827A6923A261280023C95F /* ViewController.swift */ = {isa = PBXFileReference; lastKnownFileType = sourcecode.swift; path = ViewController.swift; sourceTree = "<group>"; };
		64827A6C23A261280023C95F /* Base */ = {isa = PBXFileReference; lastKnownFileType = file.storyboard; name = Base; path = Base.lproj/Main.storyboard; sourceTree = "<group>"; };
		64827A6E23A261290023C95F /* Assets.xcassets */ = {isa = PBXFileReference; lastKnownFileType = folder.assetcatalog; path = Assets.xcassets; sourceTree = "<group>"; };
		64827A7123A261290023C95F /* Base */ = {isa = PBXFileReference; lastKnownFileType = file.storyboard; name = Base; path = Base.lproj/LaunchScreen.storyboard; sourceTree = "<group>"; };
		64827A7323A261290023C95F /* Info.plist */ = {isa = PBXFileReference; lastKnownFileType = text.plist.xml; path = Info.plist; sourceTree = "<group>"; };
		64827A7823A261290023C95F /* UiTestTests.xctest */ = {isa = PBXFileReference; explicitFileType = wrapper.cfbundle; includeInIndex = 0; path = UiTestTests.xctest; sourceTree = BUILT_PRODUCTS_DIR; };
		64827A7C23A261290023C95F /* UiTestTests.swift */ = {isa = PBXFileReference; lastKnownFileType = sourcecode.swift; path = UiTestTests.swift; sourceTree = "<group>"; };
		64827A7E23A261290023C95F /* Info.plist */ = {isa = PBXFileReference; lastKnownFileType = text.plist.xml; path = Info.plist; sourceTree = "<group>"; };
		64827A8323A261290023C95F /* UiTestUITests.xctest */ = {isa = PBXFileReference; explicitFileType = wrapper.cfbundle; includeInIndex = 0; path = UiTestUITests.xctest; sourceTree = BUILT_PRODUCTS_DIR; };
		64827A8723A261290023C95F /* UiTestUITests.swift */ = {isa = PBXFileReference; lastKnownFileType = sourcecode.swift; path = UiTestUITests.swift; sourceTree = "<group>"; };
		64827A8923A261290023C95F /* Info.plist */ = {isa = PBXFileReference; lastKnownFileType = text.plist.xml; path = Info.plist; sourceTree = "<group>"; };
/* End PBXFileReference section */

/* Begin PBXFrameworksBuildPhase section */
		64827A5F23A261280023C95F /* Frameworks */ = {
			isa = PBXFrameworksBuildPhase;
			buildActionMask = 2147483647;
			files = (
			);
			runOnlyForDeploymentPostprocessing = 0;
		};
		64827A7523A261290023C95F /* Frameworks */ = {
			isa = PBXFrameworksBuildPhase;
			buildActionMask = 2147483647;
			files = (
			);
			runOnlyForDeploymentPostprocessing = 0;
		};
		64827A8023A261290023C95F /* Frameworks */ = {
			isa = PBXFrameworksBuildPhase;
			buildActionMask = 2147483647;
			files = (
			);
			runOnlyForDeploymentPostprocessing = 0;
		};
/* End PBXFrameworksBuildPhase section */

/* Begin PBXGroup section */
		64827A5923A261280023C95F = {
			isa = PBXGroup;
			children = (
				64827A6423A261280023C95F /* UiTest */,
				64827A7B23A261290023C95F /* UiTestTests */,
				64827A8623A261290023C95F /* UiTestUITests */,
				64827A6323A261280023C95F /* Products */,
			);
			sourceTree = "<group>";
		};
		64827A6323A261280023C95F /* Products */ = {
			isa = PBXGroup;
			children = (
				64827A6223A261280023C95F /* UiTest.app */,
				64827A7823A261290023C95F /* UiTestTests.xctest */,
				64827A8323A261290023C95F /* UiTestUITests.xctest */,
			);
			name = Products;
			sourceTree = "<group>";
		};
		64827A6423A261280023C95F /* UiTest */ = {
			isa = PBXGroup;
			children = (
				64827A6523A261280023C95F /* AppDelegate.swift */,
				64827A6723A261280023C95F /* SceneDelegate.swift */,
				64827A6923A261280023C95F /* ViewController.swift */,
				64827A6B23A261280023C95F /* Main.storyboard */,
				64827A6E23A261290023C95F /* Assets.xcassets */,
				64827A7023A261290023C95F /* LaunchScreen.storyboard */,
				64827A7323A261290023C95F /* Info.plist */,
			);
			path = UiTest;
			sourceTree = "<group>";
		};
		64827A7B23A261290023C95F /* UiTestTests */ = {
			isa = PBXGroup;
			children = (
				64827A7C23A261290023C95F /* UiTestTests.swift */,
				64827A7E23A261290023C95F /* Info.plist */,
			);
			path = UiTestTests;
			sourceTree = "<group>";
		};
		64827A8623A261290023C95F /* UiTestUITests */ = {
			isa = PBXGroup;
			children = (
				64827A8723A261290023C95F /* UiTestUITests.swift */,
				64827A8923A261290023C95F /* Info.plist */,
			);
			path = UiTestUITests;
			sourceTree = "<group>";
		};
/* End PBXGroup section */

/* Begin PBXNativeTarget section */
		64827A6123A261280023C95F /* UiTest */ = {
			isa = PBXNativeTarget;
			buildConfigurationList = 64827A8C23A261290023C95F /* Build configuration list for PBXNativeTarget "UiTest" */;
			buildPhases = (
				64827A5E23A261280023C95F /* Sources */,
				64827A5F23A261280023C95F /* Frameworks */,
				64827A6023A261280023C95F /* Resources */,
			);
			buildRules = (
			);
			dependencies = (
			);
			name = UiTest;
			productName = UiTest;
			productReference = 64827A6223A261280023C95F /* UiTest.app */;
			productType = "com.apple.product-type.application";
		};
		64827A7723A261290023C95F /* UiTestTests */ = {
			isa = PBXNativeTarget;
			buildConfigurationList = 64827A8F23A261290023C95F /* Build configuration list for PBXNativeTarget "UiTestTests" */;
			buildPhases = (
				64827A7423A261290023C95F /* Sources */,
				64827A7523A261290023C95F /* Frameworks */,
				64827A7623A261290023C95F /* Resources */,
			);
			buildRules = (
			);
			dependencies = (
				64827A7A23A261290023C95F /* PBXTargetDependency */,
			);
			name = UiTestTests;
			productName = UiTestTests;
			productReference = 64827A7823A261290023C95F /* UiTestTests.xctest */;
			productType = "com.apple.product-type.bundle.unit-test";
		};
		64827A8223A261290023C95F /* UiTestUITests */ = {
			isa = PBXNativeTarget;
			buildConfigurationList = 64827A9223A261290023C95F /* Build configuration list for PBXNativeTarget "UiTestUITests" */;
			buildPhases = (
				64827A7F23A261290023C95F /* Sources */,
				64827A8023A261290023C95F /* Frameworks */,
				64827A8123A261290023C95F /* Resources */,
			);
			buildRules = (
			);
			dependencies = (
				64827A8523A261290023C95F /* PBXTargetDependency */,
			);
			name = UiTestUITests;
			productName = UiTestUITests;
			productReference = 64827A8323A261290023C95F /* UiTestUITests.xctest */;
			productType = "com.apple.product-type.bundle.ui-testing";
		};
/* End PBXNativeTarget section */

/* Begin PBXProject section */
		64827A5A23A261280023C95F /* Project object */ = {
			isa = PBXProject;
			attributes = {
				LastSwiftUpdateCheck = 1110;
				LastUpgradeCheck = 1110;
				ORGANIZATIONNAME = CBRE;
				TargetAttributes = {
					64827A6123A261280023C95F = {
						CreatedOnToolsVersion = 11.1;
					};
					64827A7723A261290023C95F = {
						CreatedOnToolsVersion = 11.1;
						TestTargetID = 64827A6123A261280023C95F;
					};
					64827A8223A261290023C95F = {
						CreatedOnToolsVersion = 11.1;
						TestTargetID = 64827A6123A261280023C95F;
					};
				};
			};
			buildConfigurationList = 64827A5D23A261280023C95F /* Build configuration list for PBXProject "UiTest" */;
			compatibilityVersion = "Xcode 9.3";
			developmentRegion = en;
			hasScannedForEncodings = 0;
			knownRegions = (
				en,
				Base,
			);
			mainGroup = 64827A5923A261280023C95F;
			productRefGroup = 64827A6323A261280023C95F /* Products */;
			projectDirPath = "";
			projectRoot = "";
			targets = (
				64827A6123A261280023C95F /* UiTest */,
				64827A7723A261290023C95F /* UiTestTests */,
				64827A8223A261290023C95F /* UiTestUITests */,
			);
		};
/* End PBXProject section */

/* Begin PBXResourcesBuildPhase section */
		64827A6023A261280023C95F /* Resources */ = {
			isa = PBXResourcesBuildPhase;
			buildActionMask = 2147483647;
			files = (
				64827A7223A261290023C95F /* LaunchScreen.storyboard in Resources */,
				64827A6F23A261290023C95F /* Assets.xcassets in Resources */,
				64827A6D23A261280023C95F /* Main.storyboard in Resources */,
			);
			runOnlyForDeploymentPostprocessing = 0;
		};
		64827A7623A261290023C95F /* Resources */ = {
			isa = PBXResourcesBuildPhase;
			buildActionMask = 2147483647;
			files = (
			);
			runOnlyForDeploymentPostprocessing = 0;
		};
		64827A8123A261290023C95F /* Resources */ = {
			isa = PBXResourcesBuildPhase;
			buildActionMask = 2147483647;
			files = (
			);
			runOnlyForDeploymentPostprocessing = 0;
		};
/* End PBXResourcesBuildPhase section */

/* Begin PBXSourcesBuildPhase section */
		64827A5E23A261280023C95F /* Sources */ = {
			isa = PBXSourcesBuildPhase;
			buildActionMask = 2147483647;
			files = (
				64827A6A23A261280023C95F /* ViewController.swift in Sources */,
				64827A6623A261280023C95F /* AppDelegate.swift in Sources */,
				64827A6823A261280023C95F /* SceneDelegate.swift in Sources */,
			);
			runOnlyForDeploymentPostprocessing = 0;
		};
		64827A7423A261290023C95F /* Sources */ = {
			isa = PBXSourcesBuildPhase;
			buildActionMask = 2147483647;
			files = (
				64827A7D23A261290023C95F /* UiTestTests.swift in Sources */,
			);
			runOnlyForDeploymentPostprocessing = 0;
		};
		64827A7F23A261290023C95F /* Sources */ = {
			isa = PBXSourcesBuildPhase;
			buildActionMask = 2147483647;
			files = (
				64827A8823A261290023C95F /* UiTestUITests.swift in Sources */,
			);
			runOnlyForDeploymentPostprocessing = 0;
		};
/* End PBXSourcesBuildPhase section */

/* Begin PBXTargetDependency section */
		64827A7A23A261290023C95F /* PBXTargetDependency */ = {
			isa = PBXTargetDependency;
			target = 64827A6123A261280023C95F /* UiTest */;
			targetProxy = 64827A7923A261290023C95F /* PBXContainerItemProxy */;
		};
		64827A8523A261290023C95F /* PBXTargetDependency */ = {
			isa = PBXTargetDependency;
			target = 64827A6123A261280023C95F /* UiTest */;
			targetProxy = 64827A8423A261290023C95F /* PBXContainerItemProxy */;
		};
/* End PBXTargetDependency section */

/* Begin PBXVariantGroup section */
		64827A6B23A261280023C95F /* Main.storyboard */ = {
			isa = PBXVariantGroup;
			children = (
				64827A6C23A261280023C95F /* Base */,
			);
			name = Main.storyboard;
			sourceTree = "<group>";
		};
		64827A7023A261290023C95F /* LaunchScreen.storyboard */ = {
			isa = PBXVariantGroup;
			children = (
				64827A7123A261290023C95F /* Base */,
			);
			name = LaunchScreen.storyboard;
			sourceTree = "<group>";
		};
/* End PBXVariantGroup section */

/* Begin XCBuildConfiguration section */
		64827A8A23A261290023C95F /* Debug */ = {
			isa = XCBuildConfiguration;
			buildSettings = {
				ALWAYS_SEARCH_USER_PATHS = NO;
				CLANG_ANALYZER_NONNULL = YES;
				CLANG_ANALYZER_NUMBER_OBJECT_CONVERSION = YES_AGGRESSIVE;
				CLANG_CXX_LANGUAGE_STANDARD = "gnu++14";
				CLANG_CXX_LIBRARY = "libc++";
				CLANG_ENABLE_MODULES = YES;
				CLANG_ENABLE_OBJC_ARC = YES;
				CLANG_ENABLE_OBJC_WEAK = YES;
				CLANG_WARN_BLOCK_CAPTURE_AUTORELEASING = YES;
				CLANG_WARN_BOOL_CONVERSION = YES;
				CLANG_WARN_COMMA = YES;
				CLANG_WARN_CONSTANT_CONVERSION = YES;
				CLANG_WARN_DEPRECATED_OBJC_IMPLEMENTATIONS = YES;
				CLANG_WARN_DIRECT_OBJC_ISA_USAGE = YES_ERROR;
				CLANG_WARN_DOCUMENTATION_COMMENTS = YES;
				CLANG_WARN_EMPTY_BODY = YES;
				CLANG_WARN_ENUM_CONVERSION = YES;
				CLANG_WARN_INFINITE_RECURSION = YES;
				CLANG_WARN_INT_CONVERSION = YES;
				CLANG_WARN_NON_LITERAL_NULL_CONVERSION = YES;
				CLANG_WARN_OBJC_IMPLICIT_RETAIN_SELF = YES;
				CLANG_WARN_OBJC_LITERAL_CONVERSION = YES;
				CLANG_WARN_OBJC_ROOT_CLASS = YES_ERROR;
				CLANG_WARN_RANGE_LOOP_ANALYSIS = YES;
				CLANG_WARN_STRICT_PROTOTYPES = YES;
				CLANG_WARN_SUSPICIOUS_MOVE = YES;
				CLANG_WARN_UNGUARDED_AVAILABILITY = YES_AGGRESSIVE;
				CLANG_WARN_UNREACHABLE_CODE = YES;
				CLANG_WARN__DUPLICATE_METHOD_MATCH = YES;
				COPY_PHASE_STRIP = NO;
				DEBUG_INFORMATION_FORMAT = dwarf;
				ENABLE_STRICT_OBJC_MSGSEND = YES;
				ENABLE_TESTABILITY = YES;
				GCC_C_LANGUAGE_STANDARD = gnu11;
				GCC_DYNAMIC_NO_PIC = NO;
				GCC_NO_COMMON_BLOCKS = YES;
				GCC_OPTIMIZATION_LEVEL = 0;
				GCC_PREPROCESSOR_DEFINITIONS = (
					"DEBUG=1",
					"$(inherited)",
				);
				GCC_WARN_64_TO_32_BIT_CONVERSION = YES;
				GCC_WARN_ABOUT_RETURN_TYPE = YES_ERROR;
				GCC_WARN_UNDECLARED_SELECTOR = YES;
				GCC_WARN_UNINITIALIZED_AUTOS = YES_AGGRESSIVE;
				GCC_WARN_UNUSED_FUNCTION = YES;
				GCC_WARN_UNUSED_VARIABLE = YES;
				IPHONEOS_DEPLOYMENT_TARGET = 13.1;
				MTL_ENABLE_DEBUG_INFO = INCLUDE_SOURCE;
				MTL_FAST_MATH = YES;
				ONLY_ACTIVE_ARCH = YES;
				SDKROOT = iphoneos;
				SWIFT_ACTIVE_COMPILATION_CONDITIONS = DEBUG;
				SWIFT_OPTIMIZATION_LEVEL = "-Onone";
			};
			name = Debug;
		};
		64827A8B23A261290023C95F /* Release */ = {
			isa = XCBuildConfiguration;
			buildSettings = {
				ALWAYS_SEARCH_USER_PATHS = NO;
				CLANG_ANALYZER_NONNULL = YES;
				CLANG_ANALYZER_NUMBER_OBJECT_CONVERSION = YES_AGGRESSIVE;
				CLANG_CXX_LANGUAGE_STANDARD = "gnu++14";
				CLANG_CXX_LIBRARY = "libc++";
				CLANG_ENABLE_MODULES = YES;
				CLANG_ENABLE_OBJC_ARC = YES;
				CLANG_ENABLE_OBJC_WEAK = YES;
				CLANG_WARN_BLOCK_CAPTURE_AUTORELEASING = YES;
				CLANG_WARN_BOOL_CONVERSION = YES;
				CLANG_WARN_COMMA = YES;
				CLANG_WARN_CONSTANT_CONVERSION = YES;
				CLANG_WARN_DEPRECATED_OBJC_IMPLEMENTATIONS = YES;
				CLANG_WARN_DIRECT_OBJC_ISA_USAGE = YES_ERROR;
				CLANG_WARN_DOCUMENTATION_COMMENTS = YES;
				CLANG_WARN_EMPTY_BODY = YES;
				CLANG_WARN_ENUM_CONVERSION = YES;
				CLANG_WARN_INFINITE_RECURSION = YES;
				CLANG_WARN_INT_CONVERSION = YES;
				CLANG_WARN_NON_LITERAL_NULL_CONVERSION = YES;
				CLANG_WARN_OBJC_IMPLICIT_RETAIN_SELF = YES;
				CLANG_WARN_OBJC_LITERAL_CONVERSION = YES;
				CLANG_WARN_OBJC_ROOT_CLASS = YES_ERROR;
				CLANG_WARN_RANGE_LOOP_ANALYSIS = YES;
				CLANG_WARN_STRICT_PROTOTYPES = YES;
				CLANG_WARN_SUSPICIOUS_MOVE = YES;
				CLANG_WARN_UNGUARDED_AVAILABILITY = YES_AGGRESSIVE;
				CLANG_WARN_UNREACHABLE_CODE = YES;
				CLANG_WARN__DUPLICATE_METHOD_MATCH = YES;
				COPY_PHASE_STRIP = NO;
				DEBUG_INFORMATION_FORMAT = "dwarf-with-dsym";
				ENABLE_NS_ASSERTIONS = NO;
				ENABLE_STRICT_OBJC_MSGSEND = YES;
				GCC_C_LANGUAGE_STANDARD = gnu11;
				GCC_NO_COMMON_BLOCKS = YES;
				GCC_WARN_64_TO_32_BIT_CONVERSION = YES;
				GCC_WARN_ABOUT_RETURN_TYPE = YES_ERROR;
				GCC_WARN_UNDECLARED_SELECTOR = YES;
				GCC_WARN_UNINITIALIZED_AUTOS = YES_AGGRESSIVE;
				GCC_WARN_UNUSED_FUNCTION = YES;
				GCC_WARN_UNUSED_VARIABLE = YES;
				IPHONEOS_DEPLOYMENT_TARGET = 13.1;
				MTL_ENABLE_DEBUG_INFO = NO;
				MTL_FAST_MATH = YES;
				SDKROOT = iphoneos;
				SWIFT_COMPILATION_MODE = wholemodule;
				SWIFT_OPTIMIZATION_LEVEL = "-O";
				VALIDATE_PRODUCT = YES;
			};
			name = Release;
		};
		64827A8D23A261290023C95F /* Debug */ = {
			isa = XCBuildConfiguration;
			buildSettings = {
				ASSETCATALOG_COMPILER_APPICON_NAME = AppIcon;
				CODE_SIGN_IDENTITY = "iPhone Developer";
				CODE_SIGN_STYLE = Manual;
				DEVELOPMENT_TEAM = L595A9TKDM;
				INFOPLIST_FILE = UiTest/Info.plist;
				LD_RUNPATH_SEARCH_PATHS = (
					"$(inherited)",
					"@executable_path/Frameworks",
				);
				PRODUCT_BUNDLE_IDENTIFIER = com.cbre.pulse.development;
				PRODUCT_NAME = "$(TARGET_NAME)";
				PROVISIONING_PROFILE_SPECIFIER = "Pulse By CBRE Development 4";
				SWIFT_VERSION = 5.0;
				TARGETED_DEVICE_FAMILY = "1,2";
			};
			name = Debug;
		};
		64827A8E23A261290023C95F /* Release */ = {
			isa = XCBuildConfiguration;
			buildSettings = {
				ASSETCATALOG_COMPILER_APPICON_NAME = AppIcon;
				CODE_SIGN_IDENTITY = "iPhone Developer";
				CODE_SIGN_STYLE = Manual;
				DEVELOPMENT_TEAM = L595A9TKDM;
				INFOPLIST_FILE = UiTest/Info.plist;
				LD_RUNPATH_SEARCH_PATHS = (
					"$(inherited)",
					"@executable_path/Frameworks",
				);
				PRODUCT_BUNDLE_IDENTIFIER = com.cbre.pulse.development;
				PRODUCT_NAME = "$(TARGET_NAME)";
				PROVISIONING_PROFILE_SPECIFIER = "Pulse By CBRE Development 4";
				SWIFT_VERSION = 5.0;
				TARGETED_DEVICE_FAMILY = "1,2";
			};
			name = Release;
		};
		64827A9023A261290023C95F /* Debug */ = {
			isa = XCBuildConfiguration;
			buildSettings = {
				ALWAYS_EMBED_SWIFT_STANDARD_LIBRARIES = YES;
				BUNDLE_LOADER = "$(TEST_HOST)";
				CODE_SIGN_IDENTITY = "iPhone Developer";
				CODE_SIGN_STYLE = Manual;
				DEVELOPMENT_TEAM = L595A9TKDM;
				INFOPLIST_FILE = UiTestTests/Info.plist;
				IPHONEOS_DEPLOYMENT_TARGET = 13.1;
				LD_RUNPATH_SEARCH_PATHS = (
					"$(inherited)",
					"@executable_path/Frameworks",
					"@loader_path/Frameworks",
				);
				PRODUCT_BUNDLE_IDENTIFIER = com.cbre.host.prod.UiTestTests;
				PRODUCT_NAME = "$(TARGET_NAME)";
				PROVISIONING_PROFILE_SPECIFIER = "";
				"PROVISIONING_PROFILE_SPECIFIER[sdk=macosx*]" = "";
				SWIFT_VERSION = 5.0;
				TARGETED_DEVICE_FAMILY = "1,2";
				TEST_HOST = "$(BUILT_PRODUCTS_DIR)/UiTest.app/UiTest";
			};
			name = Debug;
		};
		64827A9123A261290023C95F /* Release */ = {
			isa = XCBuildConfiguration;
			buildSettings = {
				ALWAYS_EMBED_SWIFT_STANDARD_LIBRARIES = YES;
				BUNDLE_LOADER = "$(TEST_HOST)";
				CODE_SIGN_IDENTITY = "iPhone Developer";
				CODE_SIGN_STYLE = Manual;
				DEVELOPMENT_TEAM = L595A9TKDM;
				INFOPLIST_FILE = UiTestTests/Info.plist;
				IPHONEOS_DEPLOYMENT_TARGET = 13.1;
				LD_RUNPATH_SEARCH_PATHS = (
					"$(inherited)",
					"@executable_path/Frameworks",
					"@loader_path/Frameworks",
				);
				PRODUCT_BUNDLE_IDENTIFIER = com.cbre.host.prod.UiTestTests;
				PRODUCT_NAME = "$(TARGET_NAME)";
				PROVISIONING_PROFILE_SPECIFIER = "";
				"PROVISIONING_PROFILE_SPECIFIER[sdk=macosx*]" = "";
				SWIFT_VERSION = 5.0;
				TARGETED_DEVICE_FAMILY = "1,2";
				TEST_HOST = "$(BUILT_PRODUCTS_DIR)/UiTest.app/UiTest";
			};
			name = Release;
		};
		64827A9323A261290023C95F /* Debug */ = {
			isa = XCBuildConfiguration;
			buildSettings = {
				ALWAYS_EMBED_SWIFT_STANDARD_LIBRARIES = YES;
				CODE_SIGN_STYLE = Automatic;
				DEVELOPMENT_TEAM = CFF95U88D6;
				INFOPLIST_FILE = UiTestUITests/Info.plist;
				LD_RUNPATH_SEARCH_PATHS = (
					"$(inherited)",
					"@executable_path/Frameworks",
					"@loader_path/Frameworks",
				);
				PRODUCT_BUNDLE_IDENTIFIER = com.cbre.host.prod.UiTestUITests;
				PRODUCT_NAME = "$(TARGET_NAME)";
				PROVISIONING_PROFILE = "";
				SWIFT_VERSION = 5.0;
				TARGETED_DEVICE_FAMILY = "1,2";
				TEST_TARGET_NAME = UiTest;
			};
			name = Debug;
		};
		64827A9423A261290023C95F /* Release */ = {
			isa = XCBuildConfiguration;
			buildSettings = {
				ALWAYS_EMBED_SWIFT_STANDARD_LIBRARIES = YES;
				CODE_SIGN_STYLE = Automatic;
				DEVELOPMENT_TEAM = CFF95U88D6;
				INFOPLIST_FILE = UiTestUITests/Info.plist;
				LD_RUNPATH_SEARCH_PATHS = (
					"$(inherited)",
					"@executable_path/Frameworks",
					"@loader_path/Frameworks",
				);
				PRODUCT_BUNDLE_IDENTIFIER = com.cbre.host.prod.UiTestUITests;
				PRODUCT_NAME = "$(TARGET_NAME)";
				PROVISIONING_PROFILE = "";
				SWIFT_VERSION = 5.0;
				TARGETED_DEVICE_FAMILY = "1,2";
				TEST_TARGET_NAME = UiTest;
			};
			name = Release;
		};
/* End XCBuildConfiguration section */

/* Begin XCConfigurationList section */
		64827A5D23A261280023C95F /* Build configuration list for PBXProject "UiTest" */ = {
			isa = XCConfigurationList;
			buildConfigurations = (
				64827A8A23A261290023C95F /* Debug */,
				64827A8B23A261290023C95F /* Release */,
			);
			defaultConfigurationIsVisible = 0;
			defaultConfigurationName = Release;
		};
		64827A8C23A261290023C95F /* Build configuration list for PBXNativeTarget "UiTest" */ = {
			isa = XCConfigurationList;
			buildConfigurations = (
				64827A8D23A261290023C95F /* Debug */,
				64827A8E23A261290023C95F /* Release */,
			);
			defaultConfigurationIsVisible = 0;
			defaultConfigurationName = Release;
		};
		64827A8F23A261290023C95F /* Build configuration list for PBXNativeTarget "UiTestTests" */ = {
			isa = XCConfigurationList;
			buildConfigurations = (
				64827A9023A261290023C95F /* Debug */,
				64827A9123A261290023C95F /* Release */,
			);
			defaultConfigurationIsVisible = 0;
			defaultConfigurationName = Release;
		};
		64827A9223A261290023C95F /* Build configuration list for PBXNativeTarget "UiTestUITests" */ = {
			isa = XCConfigurationList;
			buildConfigurations = (
				64827A9323A261290023C95F /* Debug */,
				64827A9423A261290023C95F /* Release */,
			);
			defaultConfigurationIsVisible = 0;
			defaultConfigurationName = Release;
		};
/* End XCConfigurationList section */
	};
	rootObject = 64827A5A23A261280023C95F /* Project object */;
}
